
Microsoft Visual Studio Solution File, Format Version 12.00
# Visual Studio Version 17
VisualStudioVersion = 17.9.34607.119
MinimumVisualStudioVersion = 10.0.40219.1
Project("{FAE04EC0-301F-11D3-BF4B-00C04F79EFBC}") = "Backgammon_v1", "Backgammon_v1\Backgammon_v1.csproj", "{0FDCE861-5B05-43E8-BB5F-7A16B418005A}"
EndProject
Global
	GlobalSection(SolutionConfigurationPlatforms) = preSolution
		Debug|Any CPU = Debug|Any CPU
		Release|Any CPU = Release|Any CPU
	EndGlobalSection
	GlobalSection(ProjectConfigurationPlatforms) = postSolution
		{0FDCE861-5B05-43E8-BB5F-7A16B418005A}.Debug|Any CPU.ActiveCfg = Debug|Any CPU
		{0FDCE861-5B05-43E8-BB5F-7A16B418005A}.Debug|Any CPU.Build.0 = Debug|Any CPU
		{0FDCE861-5B05-43E8-BB5F-7A16B418005A}.Release|Any CPU.ActiveCfg = Release|Any CPU
		{0FDCE861-5B05-43E8-BB5F-7A16B418005A}.Release|Any CPU.Build.0 = Release|Any CPU
	EndGlobalSection
	GlobalSection(SolutionProperties) = preSolution
		HideSolutionNode = FALSE
	EndGlobalSection
	GlobalSection(ExtensibilityGlobals) = postSolution
		SolutionGuid = {5DBA9A60-CE62-4690-ADFF-27D56251F7EC}
	EndGlobalSection
EndGlobal
